{
  "name": "organize",
  "version": "1.0.0",
  "lockfileVersion": 1,
  "requires": true,
  "dependencies": {
    "anitomy-js": {
      "version": "5.0.0",
      "resolved": "https://registry.npmjs.org/anitomy-js/-/anitomy-js-5.0.0.tgz",
      "integrity": "sha512-B9/22MVfT/Xt+Arfmk0tJwQJnoLInaaT3SZzqDyDG8BJDq+aR18xRCAlXdjMROpEXym2Mao6UiVoOlQdKvBwjQ==",
      "requires": {
        "node-addon-api": "^3.0.2"
      }
    },
    "episode-parser": {
      "version": "2.0.2",
      "resolved": "https://registry.npmjs.org/episode-parser/-/episode-parser-2.0.2.tgz",
      "integrity": "sha512-DaVh+1h+H4UlOKz4OYTRZKY+Ce/IAGtlPY4mSqniGR6vRMl8zpDxbsACAvhUeOfPPaQo9YNXOuyW7K9VT//cdg=="
    },
    "mime": {
      "version": "2.5.2",
      "resolved": "https://registry.npmjs.org/mime/-/mime-2.5.2.tgz",
      "integrity": "sha512-tqkh47FzKeCPD2PUiPB6pkbMzsCasjxAfC62/Wap5qrUWcb+sFasXUC5I3gYM5iBM8v/Qpn4UK0x+j0iHyFPDg=="
    },
    "node-addon-api": {
      "version": "3.2.1",
      "resolved": "https://registry.npmjs.org/node-addon-api/-/node-addon-api-3.2.1.tgz",
      "integrity": "sha512-mmcei9JghVNDYydghQmeDX8KoAm0FAiYyIcUt/N4nhyAipB17pllZQDOJD2fotxABnt4Mdz+dKTO7eftLg4d0A=="
    },
    "parse-torrent-name": {
      "version": "0.5.4",
      "resolved": "https://registry.npmjs.org/parse-torrent-name/-/parse-torrent-name-0.5.4.tgz",
      "integrity": "sha1-xtiKYSY7Z0yoLmVRwNMMal+4qsQ="
    }
  }
}
